
Microsoft Visual Studio Solution File, Format Version 12.00
# Visual Studio Version 17
VisualStudioVersion = 17.8.34511.84
MinimumVisualStudioVersion = 10.0.40219.1
Project("{9A19103F-16F7-4668-BE54-9A1E7A4F7556}") = "TangyWeb_Server", "TangyWeb_Server\TangyWeb_Server.csproj", "{5FBDC7CF-FBD3-4D51-80AF-8BF8ED9E6DDC}"
EndProject
Project("{FAE04EC0-301F-11D3-BF4B-00C04F79EFBC}") = "TangyWeb_Client", "TangyWeb_Client\TangyWeb_Client.csproj", "{5FD05971-8AE3-4E71-997B-E43E54256A16}"
EndProject
Global
	GlobalSection(SolutionConfigurationPlatforms) = preSolution
		Debug|Any CPU = Debug|Any CPU
		Release|Any CPU = Release|Any CPU
	EndGlobalSection
	GlobalSection(ProjectConfigurationPlatforms) = postSolution
		{5FBDC7CF-FBD3-4D51-80AF-8BF8ED9E6DDC}.Debug|Any CPU.ActiveCfg = Debug|Any CPU
		{5FBDC7CF-FBD3-4D51-80AF-8BF8ED9E6DDC}.Debug|Any CPU.Build.0 = Debug|Any CPU
		{5FBDC7CF-FBD3-4D51-80AF-8BF8ED9E6DDC}.Release|Any CPU.ActiveCfg = Release|Any CPU
		{5FBDC7CF-FBD3-4D51-80AF-8BF8ED9E6DDC}.Release|Any CPU.Build.0 = Release|Any CPU
		{5FD05971-8AE3-4E71-997B-E43E54256A16}.Debug|Any CPU.ActiveCfg = Debug|Any CPU
		{5FD05971-8AE3-4E71-997B-E43E54256A16}.Debug|Any CPU.Build.0 = Debug|Any CPU
		{5FD05971-8AE3-4E71-997B-E43E54256A16}.Release|Any CPU.ActiveCfg = Release|Any CPU
		{5FD05971-8AE3-4E71-997B-E43E54256A16}.Release|Any CPU.Build.0 = Release|Any CPU
	EndGlobalSection
	GlobalSection(SolutionProperties) = preSolution
		HideSolutionNode = FALSE
	EndGlobalSection
	GlobalSection(ExtensibilityGlobals) = postSolution
		SolutionGuid = {CA5C6A9D-E4C6-477E-BD0B-DFFFBDC56102}
	EndGlobalSection
EndGlobal
